// !$*UTF8*$!
{
	archiveVersion = 1;
	classes = {
	};
	objectVersion = 55;
	objects = {

/* Begin PBXBuildFile section */
		3A8DB0932864548B008EC203 /* AppDelegate.swift in Sources */ = {isa = PBXBuildFile; fileRef = 3A8DB0922864548B008EC203 /* AppDelegate.swift */; };
		3A8DB0972864548B008EC203 /* StudentViewController.swift in Sources */ = {isa = PBXBuildFile; fileRef = 3A8DB0962864548B008EC203 /* StudentViewController.swift */; };
		3A8DB09C2864548D008EC203 /* Assets.xcassets in Resources */ = {isa = PBXBuildFile; fileRef = 3A8DB09B2864548D008EC203 /* Assets.xcassets */; };
		3A8DB0B1286457A9008EC203 /* StudentViewController+Constants.swift in Sources */ = {isa = PBXBuildFile; fileRef = 3A8DB0B0286457A9008EC203 /* StudentViewController+Constants.swift */; };
		3A8DB0B3286457EF008EC203 /* UIView+Constraints.swift in Sources */ = {isa = PBXBuildFile; fileRef = 3A8DB0B2286457EF008EC203 /* UIView+Constraints.swift */; };
		3A8DB0B528645816008EC203 /* UIStackView+Constraints.swift in Sources */ = {isa = PBXBuildFile; fileRef = 3A8DB0B428645816008EC203 /* UIStackView+Constraints.swift */; };
		3A8DB0B728645C9E008EC203 /* StudentPresenter.swift in Sources */ = {isa = PBXBuildFile; fileRef = 3A8DB0B628645C9E008EC203 /* StudentPresenter.swift */; };
		3A8DB0B928645CBF008EC203 /* Student.swift in Sources */ = {isa = PBXBuildFile; fileRef = 3A8DB0B828645CBF008EC203 /* Student.swift */; };
		3A8DB0BB28645CE7008EC203 /* StudentModel.swift in Sources */ = {isa = PBXBuildFile; fileRef = 3A8DB0BA28645CE7008EC203 /* StudentModel.swift */; };
		3A8DB0BD28645D61008EC203 /* StudentPresenter+Constants.swift in Sources */ = {isa = PBXBuildFile; fileRef = 3A8DB0BC28645D61008EC203 /* StudentPresenter+Constants.swift */; };
/* End PBXBuildFile section */

/* Begin PBXFileReference section */
		3A8DB08F2864548B008EC203 /* iOS6-HW16.app */ = {isa = PBXFileReference; explicitFileType = wrapper.application; includeInIndex = 0; path = "iOS6-HW16.app"; sourceTree = BUILT_PRODUCTS_DIR; };
		3A8DB0922864548B008EC203 /* AppDelegate.swift */ = {isa = PBXFileReference; lastKnownFileType = sourcecode.swift; path = AppDelegate.swift; sourceTree = "<group>"; };
		3A8DB0962864548B008EC203 /* StudentViewController.swift */ = {isa = PBXFileReference; lastKnownFileType = sourcecode.swift; path = StudentViewController.swift; sourceTree = "<group>"; };
		3A8DB09B2864548D008EC203 /* Assets.xcassets */ = {isa = PBXFileReference; lastKnownFileType = folder.assetcatalog; path = Assets.xcassets; sourceTree = "<group>"; };
		3A8DB0A02864548D008EC203 /* Info.plist */ = {isa = PBXFileReference; lastKnownFileType = text.plist.xml; path = Info.plist; sourceTree = "<group>"; };
		3A8DB0B0286457A9008EC203 /* StudentViewController+Constants.swift */ = {isa = PBXFileReference; lastKnownFileType = sourcecode.swift; path = "StudentViewController+Constants.swift"; sourceTree = "<group>"; };
		3A8DB0B2286457EF008EC203 /* UIView+Constraints.swift */ = {isa = PBXFileReference; lastKnownFileType = sourcecode.swift; path = "UIView+Constraints.swift"; sourceTree = "<group>"; };
		3A8DB0B428645816008EC203 /* UIStackView+Constraints.swift */ = {isa = PBXFileReference; lastKnownFileType = sourcecode.swift; path = "UIStackView+Constraints.swift"; sourceTree = "<group>"; };
		3A8DB0B628645C9E008EC203 /* StudentPresenter.swift */ = {isa = PBXFileReference; lastKnownFileType = sourcecode.swift; path = StudentPresenter.swift; sourceTree = "<group>"; };
		3A8DB0B828645CBF008EC203 /* Student.swift */ = {isa = PBXFileReference; lastKnownFileType = sourcecode.swift; path = Student.swift; sourceTree = "<group>"; };
		3A8DB0BA28645CE7008EC203 /* StudentModel.swift */ = {isa = PBXFileReference; lastKnownFileType = sourcecode.swift; path = StudentModel.swift; sourceTree = "<group>"; };
		3A8DB0BC28645D61008EC203 /* StudentPresenter+Constants.swift */ = {isa = PBXFileReference; lastKnownFileType = sourcecode.swift; path = "StudentPresenter+Constants.swift"; sourceTree = "<group>"; };
/* End PBXFileReference section */

/* Begin PBXFrameworksBuildPhase section */
		3A8DB08C2864548B008EC203 /* Frameworks */ = {
			isa = PBXFrameworksBuildPhase;
			buildActionMask = 2147483647;
			files = (
			);
			runOnlyForDeploymentPostprocessing = 0;
		};
/* End PBXFrameworksBuildPhase section */

/* Begin PBXGroup section */
		3A8DB0862864548B008EC203 = {
			isa = PBXGroup;
			children = (
				3A8DB0912864548B008EC203 /* iOS6-HW16 */,
				3A8DB0902864548B008EC203 /* Products */,
			);
			sourceTree = "<group>";
		};
		3A8DB0902864548B008EC203 /* Products */ = {
			isa = PBXGroup;
			children = (
				3A8DB08F2864548B008EC203 /* iOS6-HW16.app */,
			);
			name = Products;
			sourceTree = "<group>";
		};
		3A8DB0912864548B008EC203 /* iOS6-HW16 */ = {
			isa = PBXGroup;
			children = (
				3A8DB0A6286455B2008EC203 /* Sources */,
				3A8DB0A7286455BB008EC203 /* Resources */,
			);
			path = "iOS6-HW16";
			sourceTree = "<group>";
		};
		3A8DB0A6286455B2008EC203 /* Sources */ = {
			isa = PBXGroup;
			children = (
				3A8DB0AA286455F4008EC203 /* Extensions */,
				3A8DB0A9286455CB008EC203 /* Scenes */,
				3A8DB0A8286455C3008EC203 /* App */,
			);
			path = Sources;
			sourceTree = "<group>";
		};
		3A8DB0A7286455BB008EC203 /* Resources */ = {
			isa = PBXGroup;
			children = (
				3A8DB0AC28645619008EC203 /* Supporting files */,
				3A8DB0AB2864560E008EC203 /* Configuration */,
			);
			path = Resources;
			sourceTree = "<group>";
		};
		3A8DB0A8286455C3008EC203 /* App */ = {
			isa = PBXGroup;
			children = (
				3A8DB0922864548B008EC203 /* AppDelegate.swift */,
			);
			path = App;
			sourceTree = "<group>";
		};
		3A8DB0A9286455CB008EC203 /* Scenes */ = {
			isa = PBXGroup;
			children = (
				3A8DB0AF28645652008EC203 /* Model */,
				3A8DB0AE28645648008EC203 /* View */,
				3A8DB0AD28645641008EC203 /* Presenter */,
			);
			path = Scenes;
			sourceTree = "<group>";
		};
		3A8DB0AA286455F4008EC203 /* Extensions */ = {
			isa = PBXGroup;
			children = (
				3A8DB0B0286457A9008EC203 /* StudentViewController+Constants.swift */,
				3A8DB0B2286457EF008EC203 /* UIView+Constraints.swift */,
				3A8DB0B428645816008EC203 /* UIStackView+Constraints.swift */,
				3A8DB0BC28645D61008EC203 /* StudentPresenter+Constants.swift */,
			);
			path = Extensions;
			sourceTree = "<group>";
		};
		3A8DB0AB2864560E008EC203 /* Configuration */ = {
			isa = PBXGroup;
			children = (
				3A8DB0A02864548D008EC203 /* Info.plist */,
			);
			path = Configuration;
			sourceTree = "<group>";
		};
		3A8DB0AC28645619008EC203 /* Supporting files */ = {
			isa = PBXGroup;
			children = (
				3A8DB09B2864548D008EC203 /* Assets.xcassets */,
			);
			path = "Supporting files";
			sourceTree = "<group>";
		};
		3A8DB0AD28645641008EC203 /* Presenter */ = {
			isa = PBXGroup;
			children = (
				3A8DB0B628645C9E008EC203 /* StudentPresenter.swift */,
			);
			path = Presenter;
			sourceTree = "<group>";
		};
		3A8DB0AE28645648008EC203 /* View */ = {
			isa = PBXGroup;
			children = (
				3A8DB0962864548B008EC203 /* StudentViewController.swift */,
			);
			path = View;
			sourceTree = "<group>";
		};
		3A8DB0AF28645652008EC203 /* Model */ = {
			isa = PBXGroup;
			children = (
				3A8DB0B828645CBF008EC203 /* Student.swift */,
				3A8DB0BA28645CE7008EC203 /* StudentModel.swift */,
			);
			path = Model;
			sourceTree = "<group>";
		};
/* End PBXGroup section */

/* Begin PBXNativeTarget section */
		3A8DB08E2864548B008EC203 /* iOS6-HW16 */ = {
			isa = PBXNativeTarget;
			buildConfigurationList = 3A8DB0A32864548D008EC203 /* Build configuration list for PBXNativeTarget "iOS6-HW16" */;
			buildPhases = (
				3A8DB08B2864548B008EC203 /* Sources */,
				3A8DB08C2864548B008EC203 /* Frameworks */,
				3A8DB08D2864548B008EC203 /* Resources */,
			);
			buildRules = (
			);
			dependencies = (
			);
			name = "iOS6-HW16";
			productName = "iOS6-HW16";
			productReference = 3A8DB08F2864548B008EC203 /* iOS6-HW16.app */;
			productType = "com.apple.product-type.application";
		};
/* End PBXNativeTarget section */

/* Begin PBXProject section */
		3A8DB0872864548B008EC203 /* Project object */ = {
			isa = PBXProject;
			attributes = {
				BuildIndependentTargetsInParallel = 1;
				LastSwiftUpdateCheck = 1330;
				LastUpgradeCheck = 1330;
				TargetAttributes = {
					3A8DB08E2864548B008EC203 = {
						CreatedOnToolsVersion = 13.3.1;
					};
				};
			};
			buildConfigurationList = 3A8DB08A2864548B008EC203 /* Build configuration list for PBXProject "iOS6-HW16" */;
			compatibilityVersion = "Xcode 13.0";
			developmentRegion = en;
			hasScannedForEncodings = 0;
			knownRegions = (
				en,
				Base,
			);
			mainGroup = 3A8DB0862864548B008EC203;
			productRefGroup = 3A8DB0902864548B008EC203 /* Products */;
			projectDirPath = "";
			projectRoot = "";
			targets = (
				3A8DB08E2864548B008EC203 /* iOS6-HW16 */,
			);
		};
/* End PBXProject section */

/* Begin PBXResourcesBuildPhase section */
		3A8DB08D2864548B008EC203 /* Resources */ = {
			isa = PBXResourcesBuildPhase;
			buildActionMask = 2147483647;
			files = (
				3A8DB09C2864548D008EC203 /* Assets.xcassets in Resources */,
			);
			runOnlyForDeploymentPostprocessing = 0;
		};
/* End PBXResourcesBuildPhase section */

/* Begin PBXSourcesBuildPhase section */
		3A8DB08B2864548B008EC203 /* Sources */ = {
			isa = PBXSourcesBuildPhase;
			buildActionMask = 2147483647;
			files = (
				3A8DB0B728645C9E008EC203 /* StudentPresenter.swift in Sources */,
				3A8DB0972864548B008EC203 /* StudentViewController.swift in Sources */,
				3A8DB0B1286457A9008EC203 /* StudentViewController+Constants.swift in Sources */,
				3A8DB0932864548B008EC203 /* AppDelegate.swift in Sources */,
				3A8DB0B528645816008EC203 /* UIStackView+Constraints.swift in Sources */,
				3A8DB0BD28645D61008EC203 /* StudentPresenter+Constants.swift in Sources */,
				3A8DB0BB28645CE7008EC203 /* StudentModel.swift in Sources */,
				3A8DB0B928645CBF008EC203 /* Student.swift in Sources */,
				3A8DB0B3286457EF008EC203 /* UIView+Constraints.swift in Sources */,
			);
			runOnlyForDeploymentPostprocessing = 0;
		};
/* End PBXSourcesBuildPhase section */

/* Begin XCBuildConfiguration section */
		3A8DB0A12864548D008EC203 /* Debug */ = {
			isa = XCBuildConfiguration;
			buildSettings = {
				ALWAYS_SEARCH_USER_PATHS = NO;
				CLANG_ANALYZER_NONNULL = YES;
				CLANG_ANALYZER_NUMBER_OBJECT_CONVERSION = YES_AGGRESSIVE;
				CLANG_CXX_LANGUAGE_STANDARD = "gnu++17";
				CLANG_ENABLE_MODULES = YES;
				CLANG_ENABLE_OBJC_ARC = YES;
				CLANG_ENABLE_OBJC_WEAK = YES;
				CLANG_WARN_BLOCK_CAPTURE_AUTORELEASING = YES;
				CLANG_WARN_BOOL_CONVERSION = YES;
				CLANG_WARN_COMMA = YES;
				CLANG_WARN_CONSTANT_CONVERSION = YES;
				CLANG_WARN_DEPRECATED_OBJC_IMPLEMENTATIONS = YES;
				CLANG_WARN_DIRECT_OBJC_ISA_USAGE = YES_ERROR;
				CLANG_WARN_DOCUMENTATION_COMMENTS = YES;
				CLANG_WARN_EMPTY_BODY = YES;
				CLANG_WARN_ENUM_CONVERSION = YES;
				CLANG_WARN_INFINITE_RECURSION = YES;
				CLANG_WARN_INT_CONVERSION = YES;
				CLANG_WARN_NON_LITERAL_NULL_CONVERSION = YES;
				CLANG_WARN_OBJC_IMPLICIT_RETAIN_SELF = YES;
				CLANG_WARN_OBJC_LITERAL_CONVERSION = YES;
				CLANG_WARN_OBJC_ROOT_CLASS = YES_ERROR;
				CLANG_WARN_QUOTED_INCLUDE_IN_FRAMEWORK_HEADER = YES;
				CLANG_WARN_RANGE_LOOP_ANALYSIS = YES;
				CLANG_WARN_STRICT_PROTOTYPES = YES;
				CLANG_WARN_SUSPICIOUS_MOVE = YES;
				CLANG_WARN_UNGUARDED_AVAILABILITY = YES_AGGRESSIVE;
				CLANG_WARN_UNREACHABLE_CODE = YES;
				CLANG_WARN__DUPLICATE_METHOD_MATCH = YES;
				COPY_PHASE_STRIP = NO;
				DEBUG_INFORMATION_FORMAT = dwarf;
				ENABLE_STRICT_OBJC_MSGSEND = YES;
				ENABLE_TESTABILITY = YES;
				GCC_C_LANGUAGE_STANDARD = gnu11;
				GCC_DYNAMIC_NO_PIC = NO;
				GCC_NO_COMMON_BLOCKS = YES;
				GCC_OPTIMIZATION_LEVEL = 0;
				GCC_PREPROCESSOR_DEFINITIONS = (
					"DEBUG=1",
					"$(inherited)",
				);
				GCC_WARN_64_TO_32_BIT_CONVERSION = YES;
				GCC_WARN_ABOUT_RETURN_TYPE = YES_ERROR;
				GCC_WARN_UNDECLARED_SELECTOR = YES;
				GCC_WARN_UNINITIALIZED_AUTOS = YES_AGGRESSIVE;
				GCC_WARN_UNUSED_FUNCTION = YES;
				GCC_WARN_UNUSED_VARIABLE = YES;
				IPHONEOS_DEPLOYMENT_TARGET = 15.4;
				MTL_ENABLE_DEBUG_INFO = INCLUDE_SOURCE;
				MTL_FAST_MATH = YES;
				ONLY_ACTIVE_ARCH = YES;
				SDKROOT = iphoneos;
				SWIFT_ACTIVE_COMPILATION_CONDITIONS = DEBUG;
				SWIFT_OPTIMIZATION_LEVEL = "-Onone";
			};
			name = Debug;
		};
		3A8DB0A22864548D008EC203 /* Release */ = {
			isa = XCBuildConfiguration;
			buildSettings = {
				ALWAYS_SEARCH_USER_PATHS = NO;
				CLANG_ANALYZER_NONNULL = YES;
				CLANG_ANALYZER_NUMBER_OBJECT_CONVERSION = YES_AGGRESSIVE;
				CLANG_CXX_LANGUAGE_STANDARD = "gnu++17";
				CLANG_ENABLE_MODULES = YES;
				CLANG_ENABLE_OBJC_ARC = YES;
				CLANG_ENABLE_OBJC_WEAK = YES;
				CLANG_WARN_BLOCK_CAPTURE_AUTORELEASING = YES;
				CLANG_WARN_BOOL_CONVERSION = YES;
				CLANG_WARN_COMMA = YES;
				CLANG_WARN_CONSTANT_CONVERSION = YES;
				CLANG_WARN_DEPRECATED_OBJC_IMPLEMENTATIONS = YES;
				CLANG_WARN_DIRECT_OBJC_ISA_USAGE = YES_ERROR;
				CLANG_WARN_DOCUMENTATION_COMMENTS = YES;
				CLANG_WARN_EMPTY_BODY = YES;
				CLANG_WARN_ENUM_CONVERSION = YES;
				CLANG_WARN_INFINITE_RECURSION = YES;
				CLANG_WARN_INT_CONVERSION = YES;
				CLANG_WARN_NON_LITERAL_NULL_CONVERSION = YES;
				CLANG_WARN_OBJC_IMPLICIT_RETAIN_SELF = YES;
				CLANG_WARN_OBJC_LITERAL_CONVERSION = YES;
				CLANG_WARN_OBJC_ROOT_CLASS = YES_ERROR;
				CLANG_WARN_QUOTED_INCLUDE_IN_FRAMEWORK_HEADER = YES;
				CLANG_WARN_RANGE_LOOP_ANALYSIS = YES;
				CLANG_WARN_STRICT_PROTOTYPES = YES;
				CLANG_WARN_SUSPICIOUS_MOVE = YES;
				CLANG_WARN_UNGUARDED_AVAILABILITY = YES_AGGRESSIVE;
				CLANG_WARN_UNREACHABLE_CODE = YES;
				CLANG_WARN__DUPLICATE_METHOD_MATCH = YES;
				COPY_PHASE_STRIP = NO;
				DEBUG_INFORMATION_FORMAT = "dwarf-with-dsym";
				ENABLE_NS_ASSERTIONS = NO;
				ENABLE_STRICT_OBJC_MSGSEND = YES;
				GCC_C_LANGUAGE_STANDARD = gnu11;
				GCC_NO_COMMON_BLOCKS = YES;
				GCC_WARN_64_TO_32_BIT_CONVERSION = YES;
				GCC_WARN_ABOUT_RETURN_TYPE = YES_ERROR;
				GCC_WARN_UNDECLARED_SELECTOR = YES;
				GCC_WARN_UNINITIALIZED_AUTOS = YES_AGGRESSIVE;
				GCC_WARN_UNUSED_FUNCTION = YES;
				GCC_WARN_UNUSED_VARIABLE = YES;
				IPHONEOS_DEPLOYMENT_TARGET = 15.4;
				MTL_ENABLE_DEBUG_INFO = NO;
				MTL_FAST_MATH = YES;
				SDKROOT = iphoneos;
				SWIFT_COMPILATION_MODE = wholemodule;
				SWIFT_OPTIMIZATION_LEVEL = "-O";
				VALIDATE_PRODUCT = YES;
			};
			name = Release;
		};
		3A8DB0A42864548D008EC203 /* Debug */ = {
			isa = XCBuildConfiguration;
			buildSettings = {
				ASSETCATALOG_COMPILER_APPICON_NAME = AppIcon;
				ASSETCATALOG_COMPILER_GLOBAL_ACCENT_COLOR_NAME = AccentColor;
				CODE_SIGN_STYLE = Automatic;
				CURRENT_PROJECT_VERSION = 1;
				DEVELOPMENT_TEAM = MK8LDS6W26;
				GENERATE_INFOPLIST_FILE = YES;
				INFOPLIST_FILE = "iOS6-HW16/Resources/Configuration/Info.plist";
				INFOPLIST_KEY_UIApplicationSupportsIndirectInputEvents = YES;
				INFOPLIST_KEY_UILaunchStoryboardName = LaunchScreen;
				INFOPLIST_KEY_UISupportedInterfaceOrientations_iPad = "UIInterfaceOrientationPortrait UIInterfaceOrientationPortraitUpsideDown UIInterfaceOrientationLandscapeLeft UIInterfaceOrientationLandscapeRight";
				INFOPLIST_KEY_UISupportedInterfaceOrientations_iPhone = "UIInterfaceOrientationPortrait UIInterfaceOrientationLandscapeLeft UIInterfaceOrientationLandscapeRight";
				LD_RUNPATH_SEARCH_PATHS = (
					"$(inherited)",
					"@executable_path/Frameworks",
				);
				MARKETING_VERSION = 1.0;
				PRODUCT_BUNDLE_IDENTIFIER = "com.stanno.iOS6-HW16";
				PRODUCT_NAME = "$(TARGET_NAME)";
				SWIFT_EMIT_LOC_STRINGS = YES;
				SWIFT_VERSION = 5.0;
				TARGETED_DEVICE_FAMILY = "1,2";
			};
			name = Debug;
		};
		3A8DB0A52864548D008EC203 /* Release */ = {
			isa = XCBuildConfiguration;
			buildSettings = {
				ASSETCATALOG_COMPILER_APPICON_NAME = AppIcon;
				ASSETCATALOG_COMPILER_GLOBAL_ACCENT_COLOR_NAME = AccentColor;
				CODE_SIGN_STYLE = Automatic;
				CURRENT_PROJECT_VERSION = 1;
				DEVELOPMENT_TEAM = MK8LDS6W26;
				GENERATE_INFOPLIST_FILE = YES;
				INFOPLIST_FILE = "iOS6-HW16/Resources/Configuration/Info.plist";
				INFOPLIST_KEY_UIApplicationSupportsIndirectInputEvents = YES;
				INFOPLIST_KEY_UILaunchStoryboardName = LaunchScreen;
				INFOPLIST_KEY_UISupportedInterfaceOrientations_iPad = "UIInterfaceOrientationPortrait UIInterfaceOrientationPortraitUpsideDown UIInterfaceOrientationLandscapeLeft UIInterfaceOrientationLandscapeRight";
				INFOPLIST_KEY_UISupportedInterfaceOrientations_iPhone = "UIInterfaceOrientationPortrait UIInterfaceOrientationLandscapeLeft UIInterfaceOrientationLandscapeRight";
				LD_RUNPATH_SEARCH_PATHS = (
					"$(inherited)",
					"@executable_path/Frameworks",
				);
				MARKETING_VERSION = 1.0;
				PRODUCT_BUNDLE_IDENTIFIER = "com.stanno.iOS6-HW16";
				PRODUCT_NAME = "$(TARGET_NAME)";
				SWIFT_EMIT_LOC_STRINGS = YES;
				SWIFT_VERSION = 5.0;
				TARGETED_DEVICE_FAMILY = "1,2";
			};
			name = Release;
		};
/* End XCBuildConfiguration section */

/* Begin XCConfigurationList section */
		3A8DB08A2864548B008EC203 /* Build configuration list for PBXProject "iOS6-HW16" */ = {
			isa = XCConfigurationList;
			buildConfigurations = (
				3A8DB0A12864548D008EC203 /* Debug */,
				3A8DB0A22864548D008EC203 /* Release */,
			);
			defaultConfigurationIsVisible = 0;
			defaultConfigurationName = Release;
		};
		3A8DB0A32864548D008EC203 /* Build configuration list for PBXNativeTarget "iOS6-HW16" */ = {
			isa = XCConfigurationList;
			buildConfigurations = (
				3A8DB0A42864548D008EC203 /* Debug */,
				3A8DB0A52864548D008EC203 /* Release */,
			);
			defaultConfigurationIsVisible = 0;
			defaultConfigurationName = Release;
		};
/* End XCConfigurationList section */
	};
	rootObject = 3A8DB0872864548B008EC203 /* Project object */;
}
